// !$*UTF8*$!
{
	archiveVersion = 1;
	classes = {
	};
	objectVersion = 55;
	objects = {

/* Begin PBXBuildFile section */
		491CC9FB280902160093968C /* WeatherAppApp.swift in Sources */ = {isa = PBXBuildFile; fileRef = 491CC9FA280902160093968C /* WeatherAppApp.swift */; };
		491CC9FD280902160093968C /* ContentView.swift in Sources */ = {isa = PBXBuildFile; fileRef = 491CC9FC280902160093968C /* ContentView.swift */; };
		491CC9FF280902190093968C /* Assets.xcassets in Resources */ = {isa = PBXBuildFile; fileRef = 491CC9FE280902190093968C /* Assets.xcassets */; };
		491CCA02280902190093968C /* Preview Assets.xcassets in Resources */ = {isa = PBXBuildFile; fileRef = 491CCA01280902190093968C /* Preview Assets.xcassets */; };
		491CCA04280902190093968C /* Persistence.swift in Sources */ = {isa = PBXBuildFile; fileRef = 491CCA03280902190093968C /* Persistence.swift */; };
		491CCA07280902190093968C /* WeatherApp.xcdatamodeld in Sources */ = {isa = PBXBuildFile; fileRef = 491CCA05280902190093968C /* WeatherApp.xcdatamodeld */; };
		491CCA0F2809094F0093968C /* LocationManager.swift in Sources */ = {isa = PBXBuildFile; fileRef = 491CCA0E2809094F0093968C /* LocationManager.swift */; };
		491CCA12280919400093968C /* WelcomeView.swift in Sources */ = {isa = PBXBuildFile; fileRef = 491CCA11280919400093968C /* WelcomeView.swift */; };
		491CCA142809210E0093968C /* LoadingView.swift in Sources */ = {isa = PBXBuildFile; fileRef = 491CCA132809210E0093968C /* LoadingView.swift */; };
		49862B58280A261B00E65538 /* WeatherManager.swift in Sources */ = {isa = PBXBuildFile; fileRef = 49862B57280A261B00E65538 /* WeatherManager.swift */; };
		49862B5A280A331900E65538 /* WeatherView.swift in Sources */ = {isa = PBXBuildFile; fileRef = 49862B59280A331900E65538 /* WeatherView.swift */; };
		49862B5C280A338600E65538 /* ModelData.swift in Sources */ = {isa = PBXBuildFile; fileRef = 49862B5B280A338600E65538 /* ModelData.swift */; };
		49862B5E280A33B800E65538 /* weatherData.json in Resources */ = {isa = PBXBuildFile; fileRef = 49862B5D280A33B800E65538 /* weatherData.json */; };
		49862B60280A35E100E65538 /* Extensions.swift in Sources */ = {isa = PBXBuildFile; fileRef = 49862B5F280A35E100E65538 /* Extensions.swift */; };
		49862B62280A47D500E65538 /* WeatherRow.swift in Sources */ = {isa = PBXBuildFile; fileRef = 49862B61280A47D500E65538 /* WeatherRow.swift */; };
/* End PBXBuildFile section */

/* Begin PBXFileReference section */
		491CC9F7280902160093968C /* WeatherApp.app */ = {isa = PBXFileReference; explicitFileType = wrapper.application; includeInIndex = 0; path = WeatherApp.app; sourceTree = BUILT_PRODUCTS_DIR; };
		491CC9FA280902160093968C /* WeatherAppApp.swift */ = {isa = PBXFileReference; lastKnownFileType = sourcecode.swift; path = WeatherAppApp.swift; sourceTree = "<group>"; };
		491CC9FC280902160093968C /* ContentView.swift */ = {isa = PBXFileReference; lastKnownFileType = sourcecode.swift; path = ContentView.swift; sourceTree = "<group>"; };
		491CC9FE280902190093968C /* Assets.xcassets */ = {isa = PBXFileReference; lastKnownFileType = folder.assetcatalog; path = Assets.xcassets; sourceTree = "<group>"; };
		491CCA01280902190093968C /* Preview Assets.xcassets */ = {isa = PBXFileReference; lastKnownFileType = folder.assetcatalog; path = "Preview Assets.xcassets"; sourceTree = "<group>"; };
		491CCA03280902190093968C /* Persistence.swift */ = {isa = PBXFileReference; lastKnownFileType = sourcecode.swift; path = Persistence.swift; sourceTree = "<group>"; };
		491CCA06280902190093968C /* WeatherApp.xcdatamodel */ = {isa = PBXFileReference; lastKnownFileType = wrapper.xcdatamodel; path = WeatherApp.xcdatamodel; sourceTree = "<group>"; };
		491CCA0E2809094F0093968C /* LocationManager.swift */ = {isa = PBXFileReference; lastKnownFileType = sourcecode.swift; path = LocationManager.swift; sourceTree = "<group>"; };
		491CCA11280919400093968C /* WelcomeView.swift */ = {isa = PBXFileReference; lastKnownFileType = sourcecode.swift; path = WelcomeView.swift; sourceTree = "<group>"; };
		491CCA132809210E0093968C /* LoadingView.swift */ = {isa = PBXFileReference; lastKnownFileType = sourcecode.swift; path = LoadingView.swift; sourceTree = "<group>"; };
		49862B57280A261B00E65538 /* WeatherManager.swift */ = {isa = PBXFileReference; lastKnownFileType = sourcecode.swift; path = WeatherManager.swift; sourceTree = "<group>"; };
		49862B59280A331900E65538 /* WeatherView.swift */ = {isa = PBXFileReference; lastKnownFileType = sourcecode.swift; path = WeatherView.swift; sourceTree = "<group>"; };
		49862B5B280A338600E65538 /* ModelData.swift */ = {isa = PBXFileReference; lastKnownFileType = sourcecode.swift; path = ModelData.swift; sourceTree = "<group>"; };
		49862B5D280A33B800E65538 /* weatherData.json */ = {isa = PBXFileReference; lastKnownFileType = text.json; path = weatherData.json; sourceTree = "<group>"; };
		49862B5F280A35E100E65538 /* Extensions.swift */ = {isa = PBXFileReference; lastKnownFileType = sourcecode.swift; path = Extensions.swift; sourceTree = "<group>"; };
		49862B61280A47D500E65538 /* WeatherRow.swift */ = {isa = PBXFileReference; lastKnownFileType = sourcecode.swift; path = WeatherRow.swift; sourceTree = "<group>"; };
/* End PBXFileReference section */

/* Begin PBXFrameworksBuildPhase section */
		491CC9F4280902160093968C /* Frameworks */ = {
			isa = PBXFrameworksBuildPhase;
			buildActionMask = 2147483647;
			files = (
			);
			runOnlyForDeploymentPostprocessing = 0;
		};
/* End PBXFrameworksBuildPhase section */

/* Begin PBXGroup section */
		491CC9EE280902160093968C = {
			isa = PBXGroup;
			children = (
				491CC9F9280902160093968C /* WeatherApp */,
				491CC9F8280902160093968C /* Products */,
			);
			sourceTree = "<group>";
		};
		491CC9F8280902160093968C /* Products */ = {
			isa = PBXGroup;
			children = (
				491CC9F7280902160093968C /* WeatherApp.app */,
			);
			name = Products;
			sourceTree = "<group>";
		};
		491CC9F9280902160093968C /* WeatherApp */ = {
			isa = PBXGroup;
			children = (
				49862B63280A481700E65538 /* Components */,
				491CCA10280918100093968C /* Views */,
				491CCA0D2809093E0093968C /* Managers */,
				491CC9FA280902160093968C /* WeatherAppApp.swift */,
				491CC9FE280902190093968C /* Assets.xcassets */,
				491CCA03280902190093968C /* Persistence.swift */,
				491CCA05280902190093968C /* WeatherApp.xcdatamodeld */,
				491CCA00280902190093968C /* Preview Content */,
				49862B5F280A35E100E65538 /* Extensions.swift */,
			);
			path = WeatherApp;
			sourceTree = "<group>";
		};
		491CCA00280902190093968C /* Preview Content */ = {
			isa = PBXGroup;
			children = (
				491CCA01280902190093968C /* Preview Assets.xcassets */,
				49862B5B280A338600E65538 /* ModelData.swift */,
				49862B5D280A33B800E65538 /* weatherData.json */,
			);
			path = "Preview Content";
			sourceTree = "<group>";
		};
		491CCA0D2809093E0093968C /* Managers */ = {
			isa = PBXGroup;
			children = (
				491CCA0E2809094F0093968C /* LocationManager.swift */,
				49862B57280A261B00E65538 /* WeatherManager.swift */,
			);
			path = Managers;
			sourceTree = "<group>";
		};
		491CCA10280918100093968C /* Views */ = {
			isa = PBXGroup;
			children = (
				491CC9FC280902160093968C /* ContentView.swift */,
				491CCA11280919400093968C /* WelcomeView.swift */,
				491CCA132809210E0093968C /* LoadingView.swift */,
				49862B59280A331900E65538 /* WeatherView.swift */,
			);
			path = Views;
			sourceTree = "<group>";
		};
		49862B63280A481700E65538 /* Components */ = {
			isa = PBXGroup;
			children = (
				49862B61280A47D500E65538 /* WeatherRow.swift */,
			);
			path = Components;
			sourceTree = "<group>";
		};
/* End PBXGroup section */

/* Begin PBXNativeTarget section */
		491CC9F6280902160093968C /* WeatherApp */ = {
			isa = PBXNativeTarget;
			buildConfigurationList = 491CCA0A280902190093968C /* Build configuration list for PBXNativeTarget "WeatherApp" */;
			buildPhases = (
				491CC9F3280902160093968C /* Sources */,
				491CC9F4280902160093968C /* Frameworks */,
				491CC9F5280902160093968C /* Resources */,
			);
			buildRules = (
			);
			dependencies = (
			);
			name = WeatherApp;
			productName = WeatherApp;
			productReference = 491CC9F7280902160093968C /* WeatherApp.app */;
			productType = "com.apple.product-type.application";
		};
/* End PBXNativeTarget section */

/* Begin PBXProject section */
		491CC9EF280902160093968C /* Project object */ = {
			isa = PBXProject;
			attributes = {
				BuildIndependentTargetsInParallel = 1;
				LastSwiftUpdateCheck = 1310;
				LastUpgradeCheck = 1310;
				TargetAttributes = {
					491CC9F6280902160093968C = {
						CreatedOnToolsVersion = 13.1;
					};
				};
			};
			buildConfigurationList = 491CC9F2280902160093968C /* Build configuration list for PBXProject "WeatherApp" */;
			compatibilityVersion = "Xcode 13.0";
			developmentRegion = en;
			hasScannedForEncodings = 0;
			knownRegions = (
				en,
				Base,
			);
			mainGroup = 491CC9EE280902160093968C;
			productRefGroup = 491CC9F8280902160093968C /* Products */;
			projectDirPath = "";
			projectRoot = "";
			targets = (
				491CC9F6280902160093968C /* WeatherApp */,
			);
		};
/* End PBXProject section */

/* Begin PBXResourcesBuildPhase section */
		491CC9F5280902160093968C /* Resources */ = {
			isa = PBXResourcesBuildPhase;
			buildActionMask = 2147483647;
			files = (
				491CCA02280902190093968C /* Preview Assets.xcassets in Resources */,
				49862B5E280A33B800E65538 /* weatherData.json in Resources */,
				491CC9FF280902190093968C /* Assets.xcassets in Resources */,
			);
			runOnlyForDeploymentPostprocessing = 0;
		};
/* End PBXResourcesBuildPhase section */

/* Begin PBXSourcesBuildPhase section */
		491CC9F3280902160093968C /* Sources */ = {
			isa = PBXSourcesBuildPhase;
			buildActionMask = 2147483647;
			files = (
				491CCA07280902190093968C /* WeatherApp.xcdatamodeld in Sources */,
				491CCA12280919400093968C /* WelcomeView.swift in Sources */,
				49862B58280A261B00E65538 /* WeatherManager.swift in Sources */,
				49862B62280A47D500E65538 /* WeatherRow.swift in Sources */,
				491CCA04280902190093968C /* Persistence.swift in Sources */,
				491CCA0F2809094F0093968C /* LocationManager.swift in Sources */,
				491CC9FD280902160093968C /* ContentView.swift in Sources */,
				49862B5A280A331900E65538 /* WeatherView.swift in Sources */,
				49862B5C280A338600E65538 /* ModelData.swift in Sources */,
				491CCA142809210E0093968C /* LoadingView.swift in Sources */,
				49862B60280A35E100E65538 /* Extensions.swift in Sources */,
				491CC9FB280902160093968C /* WeatherAppApp.swift in Sources */,
			);
			runOnlyForDeploymentPostprocessing = 0;
		};
/* End PBXSourcesBuildPhase section */

/* Begin XCBuildConfiguration section */
		491CCA08280902190093968C /* Debug */ = {
			isa = XCBuildConfiguration;
			buildSettings = {
				ALWAYS_SEARCH_USER_PATHS = NO;
				CLANG_ANALYZER_NONNULL = YES;
				CLANG_ANALYZER_NUMBER_OBJECT_CONVERSION = YES_AGGRESSIVE;
				CLANG_CXX_LANGUAGE_STANDARD = "gnu++17";
				CLANG_CXX_LIBRARY = "libc++";
				CLANG_ENABLE_MODULES = YES;
				CLANG_ENABLE_OBJC_ARC = YES;
				CLANG_ENABLE_OBJC_WEAK = YES;
				CLANG_WARN_BLOCK_CAPTURE_AUTORELEASING = YES;
				CLANG_WARN_BOOL_CONVERSION = YES;
				CLANG_WARN_COMMA = YES;
				CLANG_WARN_CONSTANT_CONVERSION = YES;
				CLANG_WARN_DEPRECATED_OBJC_IMPLEMENTATIONS = YES;
				CLANG_WARN_DIRECT_OBJC_ISA_USAGE = YES_ERROR;
				CLANG_WARN_DOCUMENTATION_COMMENTS = YES;
				CLANG_WARN_EMPTY_BODY = YES;
				CLANG_WARN_ENUM_CONVERSION = YES;
				CLANG_WARN_INFINITE_RECURSION = YES;
				CLANG_WARN_INT_CONVERSION = YES;
				CLANG_WARN_NON_LITERAL_NULL_CONVERSION = YES;
				CLANG_WARN_OBJC_IMPLICIT_RETAIN_SELF = YES;
				CLANG_WARN_OBJC_LITERAL_CONVERSION = YES;
				CLANG_WARN_OBJC_ROOT_CLASS = YES_ERROR;
				CLANG_WARN_QUOTED_INCLUDE_IN_FRAMEWORK_HEADER = YES;
				CLANG_WARN_RANGE_LOOP_ANALYSIS = YES;
				CLANG_WARN_STRICT_PROTOTYPES = YES;
				CLANG_WARN_SUSPICIOUS_MOVE = YES;
				CLANG_WARN_UNGUARDED_AVAILABILITY = YES_AGGRESSIVE;
				CLANG_WARN_UNREACHABLE_CODE = YES;
				CLANG_WARN__DUPLICATE_METHOD_MATCH = YES;
				COPY_PHASE_STRIP = NO;
				DEBUG_INFORMATION_FORMAT = dwarf;
				ENABLE_STRICT_OBJC_MSGSEND = YES;
				ENABLE_TESTABILITY = YES;
				GCC_C_LANGUAGE_STANDARD = gnu11;
				GCC_DYNAMIC_NO_PIC = NO;
				GCC_NO_COMMON_BLOCKS = YES;
				GCC_OPTIMIZATION_LEVEL = 0;
				GCC_PREPROCESSOR_DEFINITIONS = (
					"DEBUG=1",
					"$(inherited)",
				);
				GCC_WARN_64_TO_32_BIT_CONVERSION = YES;
				GCC_WARN_ABOUT_RETURN_TYPE = YES_ERROR;
				GCC_WARN_UNDECLARED_SELECTOR = YES;
				GCC_WARN_UNINITIALIZED_AUTOS = YES_AGGRESSIVE;
				GCC_WARN_UNUSED_FUNCTION = YES;
				GCC_WARN_UNUSED_VARIABLE = YES;
				IPHONEOS_DEPLOYMENT_TARGET = 15.0;
				MTL_ENABLE_DEBUG_INFO = INCLUDE_SOURCE;
				MTL_FAST_MATH = YES;
				ONLY_ACTIVE_ARCH = YES;
				SDKROOT = iphoneos;
				SWIFT_ACTIVE_COMPILATION_CONDITIONS = DEBUG;
				SWIFT_OPTIMIZATION_LEVEL = "-Onone";
			};
			name = Debug;
		};
		491CCA09280902190093968C /* Release */ = {
			isa = XCBuildConfiguration;
			buildSettings = {
				ALWAYS_SEARCH_USER_PATHS = NO;
				CLANG_ANALYZER_NONNULL = YES;
				CLANG_ANALYZER_NUMBER_OBJECT_CONVERSION = YES_AGGRESSIVE;
				CLANG_CXX_LANGUAGE_STANDARD = "gnu++17";
				CLANG_CXX_LIBRARY = "libc++";
				CLANG_ENABLE_MODULES = YES;
				CLANG_ENABLE_OBJC_ARC = YES;
				CLANG_ENABLE_OBJC_WEAK = YES;
				CLANG_WARN_BLOCK_CAPTURE_AUTORELEASING = YES;
				CLANG_WARN_BOOL_CONVERSION = YES;
				CLANG_WARN_COMMA = YES;
				CLANG_WARN_CONSTANT_CONVERSION = YES;
				CLANG_WARN_DEPRECATED_OBJC_IMPLEMENTATIONS = YES;
				CLANG_WARN_DIRECT_OBJC_ISA_USAGE = YES_ERROR;
				CLANG_WARN_DOCUMENTATION_COMMENTS = YES;
				CLANG_WARN_EMPTY_BODY = YES;
				CLANG_WARN_ENUM_CONVERSION = YES;
				CLANG_WARN_INFINITE_RECURSION = YES;
				CLANG_WARN_INT_CONVERSION = YES;
				CLANG_WARN_NON_LITERAL_NULL_CONVERSION = YES;
				CLANG_WARN_OBJC_IMPLICIT_RETAIN_SELF = YES;
				CLANG_WARN_OBJC_LITERAL_CONVERSION = YES;
				CLANG_WARN_OBJC_ROOT_CLASS = YES_ERROR;
				CLANG_WARN_QUOTED_INCLUDE_IN_FRAMEWORK_HEADER = YES;
				CLANG_WARN_RANGE_LOOP_ANALYSIS = YES;
				CLANG_WARN_STRICT_PROTOTYPES = YES;
				CLANG_WARN_SUSPICIOUS_MOVE = YES;
				CLANG_WARN_UNGUARDED_AVAILABILITY = YES_AGGRESSIVE;
				CLANG_WARN_UNREACHABLE_CODE = YES;
				CLANG_WARN__DUPLICATE_METHOD_MATCH = YES;
				COPY_PHASE_STRIP = NO;
				DEBUG_INFORMATION_FORMAT = "dwarf-with-dsym";
				ENABLE_NS_ASSERTIONS = NO;
				ENABLE_STRICT_OBJC_MSGSEND = YES;
				GCC_C_LANGUAGE_STANDARD = gnu11;
				GCC_NO_COMMON_BLOCKS = YES;
				GCC_WARN_64_TO_32_BIT_CONVERSION = YES;
				GCC_WARN_ABOUT_RETURN_TYPE = YES_ERROR;
				GCC_WARN_UNDECLARED_SELECTOR = YES;
				GCC_WARN_UNINITIALIZED_AUTOS = YES_AGGRESSIVE;
				GCC_WARN_UNUSED_FUNCTION = YES;
				GCC_WARN_UNUSED_VARIABLE = YES;
				IPHONEOS_DEPLOYMENT_TARGET = 15.0;
				MTL_ENABLE_DEBUG_INFO = NO;
				MTL_FAST_MATH = YES;
				SDKROOT = iphoneos;
				SWIFT_COMPILATION_MODE = wholemodule;
				SWIFT_OPTIMIZATION_LEVEL = "-O";
				VALIDATE_PRODUCT = YES;
			};
			name = Release;
		};
		491CCA0B280902190093968C /* Debug */ = {
			isa = XCBuildConfiguration;
			buildSettings = {
				ASSETCATALOG_COMPILER_APPICON_NAME = AppIcon;
				ASSETCATALOG_COMPILER_GLOBAL_ACCENT_COLOR_NAME = AccentColor;
				CODE_SIGN_STYLE = Automatic;
				CURRENT_PROJECT_VERSION = 1;
				DEVELOPMENT_ASSET_PATHS = "\"WeatherApp/Preview Content\"";
				DEVELOPMENT_TEAM = X8N7S734PY;
				ENABLE_PREVIEWS = YES;
				GENERATE_INFOPLIST_FILE = YES;
				INFOPLIST_KEY_UIApplicationSceneManifest_Generation = YES;
				INFOPLIST_KEY_UIApplicationSupportsIndirectInputEvents = YES;
				INFOPLIST_KEY_UILaunchScreen_Generation = YES;
				INFOPLIST_KEY_UISupportedInterfaceOrientations_iPad = "UIInterfaceOrientationPortrait UIInterfaceOrientationPortraitUpsideDown UIInterfaceOrientationLandscapeLeft UIInterfaceOrientationLandscapeRight";
				INFOPLIST_KEY_UISupportedInterfaceOrientations_iPhone = "UIInterfaceOrientationPortrait UIInterfaceOrientationLandscapeLeft UIInterfaceOrientationLandscapeRight";
				IPHONEOS_DEPLOYMENT_TARGET = 15.0;
				LD_RUNPATH_SEARCH_PATHS = (
					"$(inherited)",
					"@executable_path/Frameworks",
				);
				MARKETING_VERSION = 1.0;
				PRODUCT_BUNDLE_IDENTIFIER = com.antolesta.WeatherApp;
				PRODUCT_NAME = "$(TARGET_NAME)";
				SWIFT_EMIT_LOC_STRINGS = YES;
				SWIFT_VERSION = 5.0;
				TARGETED_DEVICE_FAMILY = "1,2";
			};
			name = Debug;
		};
		491CCA0C280902190093968C /* Release */ = {
			isa = XCBuildConfiguration;
			buildSettings = {
				ASSETCATALOG_COMPILER_APPICON_NAME = AppIcon;
				ASSETCATALOG_COMPILER_GLOBAL_ACCENT_COLOR_NAME = AccentColor;
				CODE_SIGN_STYLE = Automatic;
				CURRENT_PROJECT_VERSION = 1;
				DEVELOPMENT_ASSET_PATHS = "\"WeatherApp/Preview Content\"";
				DEVELOPMENT_TEAM = X8N7S734PY;
				ENABLE_PREVIEWS = YES;
				GENERATE_INFOPLIST_FILE = YES;
				INFOPLIST_KEY_UIApplicationSceneManifest_Generation = YES;
				INFOPLIST_KEY_UIApplicationSupportsIndirectInputEvents = YES;
				INFOPLIST_KEY_UILaunchScreen_Generation = YES;
				INFOPLIST_KEY_UISupportedInterfaceOrientations_iPad = "UIInterfaceOrientationPortrait UIInterfaceOrientationPortraitUpsideDown UIInterfaceOrientationLandscapeLeft UIInterfaceOrientationLandscapeRight";
				INFOPLIST_KEY_UISupportedInterfaceOrientations_iPhone = "UIInterfaceOrientationPortrait UIInterfaceOrientationLandscapeLeft UIInterfaceOrientationLandscapeRight";
				IPHONEOS_DEPLOYMENT_TARGET = 15.0;
				LD_RUNPATH_SEARCH_PATHS = (
					"$(inherited)",
					"@executable_path/Frameworks",
				);
				MARKETING_VERSION = 1.0;
				PRODUCT_BUNDLE_IDENTIFIER = com.antolesta.WeatherApp;
				PRODUCT_NAME = "$(TARGET_NAME)";
				SWIFT_EMIT_LOC_STRINGS = YES;
				SWIFT_VERSION = 5.0;
				TARGETED_DEVICE_FAMILY = "1,2";
			};
			name = Release;
		};
/* End XCBuildConfiguration section */

/* Begin XCConfigurationList section */
		491CC9F2280902160093968C /* Build configuration list for PBXProject "WeatherApp" */ = {
			isa = XCConfigurationList;
			buildConfigurations = (
				491CCA08280902190093968C /* Debug */,
				491CCA09280902190093968C /* Release */,
			);
			defaultConfigurationIsVisible = 0;
			defaultConfigurationName = Release;
		};
		491CCA0A280902190093968C /* Build configuration list for PBXNativeTarget "WeatherApp" */ = {
			isa = XCConfigurationList;
			buildConfigurations = (
				491CCA0B280902190093968C /* Debug */,
				491CCA0C280902190093968C /* Release */,
			);
			defaultConfigurationIsVisible = 0;
			defaultConfigurationName = Release;
		};
/* End XCConfigurationList section */

/* Begin XCVersionGroup section */
		491CCA05280902190093968C /* WeatherApp.xcdatamodeld */ = {
			isa = XCVersionGroup;
			children = (
				491CCA06280902190093968C /* WeatherApp.xcdatamodel */,
			);
			currentVersion = 491CCA06280902190093968C /* WeatherApp.xcdatamodel */;
			path = WeatherApp.xcdatamodeld;
			sourceTree = "<group>";
			versionGroupType = wrapper.xcdatamodel;
		};
/* End XCVersionGroup section */
	};
	rootObject = 491CC9EF280902160093968C /* Project object */;
}
